
Microsoft Visual Studio Solution File, Format Version 12.00
# Visual Studio Version 16
VisualStudioVersion = 16.0.29209.62
MinimumVisualStudioVersion = 10.0.40219.1
Project("{FAE04EC0-301F-11D3-BF4B-00C04F79EFBC}") = "Customerly.SDK", "Customerly.SDK\Customerly.SDK.csproj", "{6CB4DBD3-24D9-4BC4-BDA6-2D4D73CD4CD9}"
EndProject
Global
	GlobalSection(SolutionConfigurationPlatforms) = preSolution
		Debug|Any CPU = Debug|Any CPU
		Release|Any CPU = Release|Any CPU
	EndGlobalSection
	GlobalSection(ProjectConfigurationPlatforms) = postSolution
		{6CB4DBD3-24D9-4BC4-BDA6-2D4D73CD4CD9}.Debug|Any CPU.ActiveCfg = Debug|Any CPU
		{6CB4DBD3-24D9-4BC4-BDA6-2D4D73CD4CD9}.Debug|Any CPU.Build.0 = Debug|Any CPU
		{6CB4DBD3-24D9-4BC4-BDA6-2D4D73CD4CD9}.Release|Any CPU.ActiveCfg = Release|Any CPU
		{6CB4DBD3-24D9-4BC4-BDA6-2D4D73CD4CD9}.Release|Any CPU.Build.0 = Release|Any CPU
	EndGlobalSection
	GlobalSection(SolutionProperties) = preSolution
		HideSolutionNode = FALSE
	EndGlobalSection
	GlobalSection(ExtensibilityGlobals) = postSolution
		SolutionGuid = {11825F21-23B7-4F42-976A-5D0BAEA3BA56}
	EndGlobalSection
EndGlobal
